
Microsoft Visual Studio Solution File, Format Version 11.00
# Visual Studio 2010
Project("{FAE04EC0-301F-11D3-BF4B-00C04F79EFBC}") = "Assembly-CSharp", "Assembly-CSharp.csproj", "{826e6be0-a4db-304c-2ac8-9da35e9621ae}"
EndProject
Project("{FAE04EC0-301F-11D3-BF4B-00C04F79EFBC}") = "Assembly-CSharp-firstpass", "Assembly-CSharp-firstpass.csproj", "{20940c7d-b737-6c56-7240-fa5b4a84f846}"
EndProject
Global
	GlobalSection(SolutionConfigurationPlatforms) = preSolution
		Debug|Any CPU = Debug|Any CPU
	EndGlobalSection
	GlobalSection(ProjectConfigurationPlatforms) = postSolution
		{826e6be0-a4db-304c-2ac8-9da35e9621ae}.Debug|Any CPU.ActiveCfg = Debug|Any CPU
		{826e6be0-a4db-304c-2ac8-9da35e9621ae}.Debug|Any CPU.Build.0 = Debug|Any CPU
		{20940c7d-b737-6c56-7240-fa5b4a84f846}.Debug|Any CPU.ActiveCfg = Debug|Any CPU
		{20940c7d-b737-6c56-7240-fa5b4a84f846}.Debug|Any CPU.Build.0 = Debug|Any CPU
	EndGlobalSection
	GlobalSection(SolutionProperties) = preSolution
		HideSolutionNode = FALSE
	EndGlobalSection
EndGlobal
